
Microsoft Visual Studio Solution File, Format Version 12.00
# Visual Studio 15
VisualStudioVersion = 15.0.28307.1300
MinimumVisualStudioVersion = 10.0.40219.1
Project("{FAE04EC0-301F-11D3-BF4B-00C04F79EFBC}") = "Grossberg_crypto_system", "Grossberg_crypto_system\Grossberg_crypto_system.csproj", "{935104F4-EEAA-4E8D-8079-3B3AE24AE332}"
EndProject
Global
	GlobalSection(SolutionConfigurationPlatforms) = preSolution
		Debug|Any CPU = Debug|Any CPU
		Release|Any CPU = Release|Any CPU
	EndGlobalSection
	GlobalSection(ProjectConfigurationPlatforms) = postSolution
		{935104F4-EEAA-4E8D-8079-3B3AE24AE332}.Debug|Any CPU.ActiveCfg = Debug|Any CPU
		{935104F4-EEAA-4E8D-8079-3B3AE24AE332}.Debug|Any CPU.Build.0 = Debug|Any CPU
		{935104F4-EEAA-4E8D-8079-3B3AE24AE332}.Release|Any CPU.ActiveCfg = Release|Any CPU
		{935104F4-EEAA-4E8D-8079-3B3AE24AE332}.Release|Any CPU.Build.0 = Release|Any CPU
	EndGlobalSection
	GlobalSection(SolutionProperties) = preSolution
		HideSolutionNode = FALSE
	EndGlobalSection
	GlobalSection(ExtensibilityGlobals) = postSolution
		SolutionGuid = {F9F91584-FE04-47EA-B9A9-FE4C44018F9A}
	EndGlobalSection
EndGlobal
